<?xml version="1.0" encoding="utf-8"?>
<Project ToolsVersion="4.0" xmlns="http://schemas.microsoft.com/developer/msbuild/2003">
  <ItemGroup>
    <Filter Include="Source Files">
      <UniqueIdentifier>{4FC737F1-C7A5-4376-A066-2A32D752A2FF}</UniqueIdentifier>
      <Extensions>cpp;c;cc;cxx;c++;cppm;ixx;def;odl;idl;hpj;bat;asm;asmx</Extensions>
    </Filter>
    <Filter Include="Header Files">
      <UniqueIdentifier>{93995380-89BD-4b04-88EB-625FBE52EBFB}</UniqueIdentifier>
      <Extensions>h;hh;hpp;hxx;h++;hm;inl;inc;ipp;xsd</Extensions>
    </Filter>
    <Filter Include="Resource Files">
      <UniqueIdentifier>{67DA6AB6-F800-4c08-8B7A-83BB121AAD01}</UniqueIdentifier>
      <Extensions>rc;ico;cur;bmp;dlg;rc2;rct;bin;rgs;gif;jpg;jpeg;jpe;resx;tiff;tif;png;wav;mfcribbon-ms</Extensions>
    </Filter>
    <Filter Include="ImGui">
      <UniqueIdentifier>{b28dba95-6ff9-429c-94df-1d36ebc923e3}</UniqueIdentifier>
    </Filter>
    <Filter Include="MinHook">
      <UniqueIdentifier>{d2f73fb8-0fcf-413e-9c6c-b549121bb209}</UniqueIdentifier>
    </Filter>
    <Filter Include="MinHook\src">
      <UniqueIdentifier>{e537c319-7f50-4880-ae07-770603b1b0a3}</UniqueIdentifier>
    </Filter>
    <Filter Include="MinHook\include">
      <UniqueIdentifier>{e4b4e31f-c651-4163-935b-82df048ce57a}</UniqueIdentifier>
    </Filter>
    <Filter Include="MinHook\src\hde">
      <UniqueIdentifier>{a7367c20-541d-4676-a22c-2ebf616b0132}</UniqueIdentifier>
    </Filter>
  </ItemGroup>
  <ItemGroup>
    <ClCompile Include="F3SE.cpp">
      <Filter>Source Files</Filter>
    </ClCompile>
    <ClCompile Include="Kore.cpp">
      <Filter>Source Files</Filter>
    </ClCompile>
    <ClCompile Include="ImGui\imgui.cpp">
      <Filter>ImGui</Filter>
    </ClCompile>
    <ClCompile Include="ImGui\imgui_draw.cpp">
      <Filter>ImGui</Filter>
    </ClCompile>
    <ClCompile Include="ImGui\imgui_impl_dx9.cpp">
      <Filter>ImGui</Filter>
    </ClCompile>
    <ClCompile Include="ImGui\imgui_impl_win32.cpp">
      <Filter>ImGui</Filter>
    </ClCompile>
    <ClCompile Include="ImGui\imgui_tables.cpp">
      <Filter>ImGui</Filter>
    </ClCompile>
    <ClCompile Include="ImGui\imgui_widgets.cpp">
      <Filter>ImGui</Filter>
    </ClCompile>
    <ClCompile Include="Overlay.cpp">
      <Filter>Source Files</Filter>
    </ClCompile>
    <ClCompile Include="MinHook\src\buffer.c">
      <Filter>MinHook\src</Filter>
    </ClCompile>
    <ClCompile Include="MinHook\src\hook.c">
      <Filter>MinHook\src</Filter>
    </ClCompile>
    <ClCompile Include="MinHook\src\trampoline.c">
      <Filter>MinHook\src</Filter>
    </ClCompile>
    <ClCompile Include="MinHook\src\hde\hde32.c">
      <Filter>MinHook\src\hde</Filter>
    </ClCompile>
    <ClCompile Include="MinHook\src\hde\hde64.c">
      <Filter>MinHook\src\hde</Filter>
    </ClCompile>
    <ClCompile Include="ImGui\TextEditor.cpp">
      <Filter>ImGui</Filter>
    </ClCompile>
    <ClCompile Include="ScriptAPI.cpp">
      <Filter>Source Files</Filter>
    </ClCompile>
  </ItemGroup>
  <ItemGroup>
    <ClInclude Include="F3SE.hpp">
      <Filter>Header Files</Filter>
    </ClInclude>
    <ClInclude Include="Kore.hpp">
      <Filter>Header Files</Filter>
    </ClInclude>
    <ClInclude Include="ImGui\imgui.h">
      <Filter>ImGui</Filter>
    </ClInclude>
    <ClInclude Include="ImGui\imgui_impl_dx9.h">
      <Filter>ImGui</Filter>
    </ClInclude>
    <ClInclude Include="ImGui\imgui_impl_win32.h">
      <Filter>ImGui</Filter>
    </ClInclude>
    <ClInclude Include="ImGui\imgui_internal.h">
      <Filter>ImGui</Filter>
    </ClInclude>
    <ClInclude Include="ImGui\imstb_rectpack.h">
      <Filter>ImGui</Filter>
    </ClInclude>
    <ClInclude Include="ImGui\imstb_textedit.h">
      <Filter>ImGui</Filter>
    </ClInclude>
    <ClInclude Include="ImGui\imstb_truetype.h">
      <Filter>ImGui</Filter>
    </ClInclude>
    <ClInclude Include="Overlay.hpp">
      <Filter>Header Files</Filter>
    </ClInclude>
    <ClInclude Include="ImGui\imconfig.h">
      <Filter>ImGui</Filter>
    </ClInclude>
    <ClInclude Include="MinHook\src\buffer.h">
      <Filter>MinHook\src</Filter>
    </ClInclude>
    <ClInclude Include="MinHook\src\trampoline.h">
      <Filter>MinHook\src</Filter>
    </ClInclude>
    <ClInclude Include="MinHook\src\hde\hde32.h">
      <Filter>MinHook\src\hde</Filter>
    </ClInclude>
    <ClInclude Include="MinHook\src\hde\hde64.h">
      <Filter>MinHook\src\hde</Filter>
    </ClInclude>
    <ClInclude Include="MinHook\src\hde\pstdint.h">
      <Filter>MinHook\src\hde</Filter>
    </ClInclude>
    <ClInclude Include="MinHook\src\hde\table32.h">
      <Filter>MinHook\src\hde</Filter>
    </ClInclude>
    <ClInclude Include="MinHook\src\hde\table64.h">
      <Filter>MinHook\src\hde</Filter>
    </ClInclude>
    <ClInclude Include="MinHook\include\MinHook.h">
      <Filter>MinHook\include</Filter>
    </ClInclude>
    <ClInclude Include="ImGui\TextEditor.h">
      <Filter>ImGui</Filter>
    </ClInclude>
    <ClInclude Include="ScriptAPI.hpp">
      <Filter>Header Files</Filter>
    </ClInclude>
  </ItemGroup>
</Project>